
Microsoft Visual Studio Solution File, Format Version 12.00
# Visual Studio 15
VisualStudioVersion = 15.0.27703.2035
MinimumVisualStudioVersion = 10.0.40219.1
Project("{F184B08F-C81C-45F6-A57F-5ABD9991F28F}") = "If-FatCalc", "If-FatCalc\If-FatCalc.vbproj", "{70FBC1CC-3F58-443B-9C45-AD937B7EB766}"
EndProject
Global
	GlobalSection(SolutionConfigurationPlatforms) = preSolution
		Debug|Any CPU = Debug|Any CPU
		Release|Any CPU = Release|Any CPU
	EndGlobalSection
	GlobalSection(ProjectConfigurationPlatforms) = postSolution
		{70FBC1CC-3F58-443B-9C45-AD937B7EB766}.Debug|Any CPU.ActiveCfg = Debug|Any CPU
		{70FBC1CC-3F58-443B-9C45-AD937B7EB766}.Debug|Any CPU.Build.0 = Debug|Any CPU
		{70FBC1CC-3F58-443B-9C45-AD937B7EB766}.Release|Any CPU.ActiveCfg = Release|Any CPU
		{70FBC1CC-3F58-443B-9C45-AD937B7EB766}.Release|Any CPU.Build.0 = Release|Any CPU
	EndGlobalSection
	GlobalSection(SolutionProperties) = preSolution
		HideSolutionNode = FALSE
	EndGlobalSection
	GlobalSection(ExtensibilityGlobals) = postSolution
		SolutionGuid = {135DAB48-A5B0-446A-8C05-0FD0CFB079BB}
	EndGlobalSection
EndGlobal
