
Microsoft Visual Studio Solution File, Format Version 12.00
# Visual Studio 15
VisualStudioVersion = 15.0.27703.2042
MinimumVisualStudioVersion = 10.0.40219.1
Project("{F184B08F-C81C-45F6-A57F-5ABD9991F28F}") = "Loop-GradeRep", "Loop-GradeRep\Loop-GradeRep.vbproj", "{BD6F4950-90D9-404F-B8B9-DCD887805F73}"
EndProject
Global
	GlobalSection(SolutionConfigurationPlatforms) = preSolution
		Debug|Any CPU = Debug|Any CPU
		Release|Any CPU = Release|Any CPU
	EndGlobalSection
	GlobalSection(ProjectConfigurationPlatforms) = postSolution
		{BD6F4950-90D9-404F-B8B9-DCD887805F73}.Debug|Any CPU.ActiveCfg = Debug|Any CPU
		{BD6F4950-90D9-404F-B8B9-DCD887805F73}.Debug|Any CPU.Build.0 = Debug|Any CPU
		{BD6F4950-90D9-404F-B8B9-DCD887805F73}.Release|Any CPU.ActiveCfg = Release|Any CPU
		{BD6F4950-90D9-404F-B8B9-DCD887805F73}.Release|Any CPU.Build.0 = Release|Any CPU
	EndGlobalSection
	GlobalSection(SolutionProperties) = preSolution
		HideSolutionNode = FALSE
	EndGlobalSection
	GlobalSection(ExtensibilityGlobals) = postSolution
		SolutionGuid = {E38F909C-BBF8-4BE5-83E1-942AA35D87BA}
	EndGlobalSection
EndGlobal
