
Microsoft Visual Studio Solution File, Format Version 12.00
# Visual Studio 15
VisualStudioVersion = 15.0.27703.2035
MinimumVisualStudioVersion = 10.0.40219.1
Project("{F184B08F-C81C-45F6-A57F-5ABD9991F28F}") = "Stats", "Stats\Stats.vbproj", "{F1DF0FAB-A0C1-4FF9-B6F4-BECB9C4AB05F}"
EndProject
Global
	GlobalSection(SolutionConfigurationPlatforms) = preSolution
		Debug|Any CPU = Debug|Any CPU
		Release|Any CPU = Release|Any CPU
	EndGlobalSection
	GlobalSection(ProjectConfigurationPlatforms) = postSolution
		{F1DF0FAB-A0C1-4FF9-B6F4-BECB9C4AB05F}.Debug|Any CPU.ActiveCfg = Debug|Any CPU
		{F1DF0FAB-A0C1-4FF9-B6F4-BECB9C4AB05F}.Debug|Any CPU.Build.0 = Debug|Any CPU
		{F1DF0FAB-A0C1-4FF9-B6F4-BECB9C4AB05F}.Release|Any CPU.ActiveCfg = Release|Any CPU
		{F1DF0FAB-A0C1-4FF9-B6F4-BECB9C4AB05F}.Release|Any CPU.Build.0 = Release|Any CPU
	EndGlobalSection
	GlobalSection(SolutionProperties) = preSolution
		HideSolutionNode = FALSE
	EndGlobalSection
	GlobalSection(ExtensibilityGlobals) = postSolution
		SolutionGuid = {DAC860F0-70C6-42D4-A2B6-861F07037112}
	EndGlobalSection
EndGlobal
